
Microsoft Visual Studio Solution File, Format Version 12.00
# Visual Studio 15
VisualStudioVersion = 15.0.27703.2026
MinimumVisualStudioVersion = 10.0.40219.1
Project("{FAE04EC0-301F-11D3-BF4B-00C04F79EFBC}") = "MSTestX.UnitTestApp", "UnitTestApp\MSTestX.UnitTestApp.csproj", "{26D1FB94-DEA3-4E19-B14D-4A4010CD758C}"
EndProject
Project("{FAE04EC0-301F-11D3-BF4B-00C04F79EFBC}") = "MSTestX.TemplateInstaller", "MSTestX.TemplateInstaller\MSTestX.TemplateInstaller.csproj", "{23F663A8-45F3-490E-8354-DD8A497A0C3C}"
EndProject
Global
	GlobalSection(SolutionConfigurationPlatforms) = preSolution
		Debug|Any CPU = Debug|Any CPU
		Release|Any CPU = Release|Any CPU
	EndGlobalSection
	GlobalSection(ProjectConfigurationPlatforms) = postSolution
		{26D1FB94-DEA3-4E19-B14D-4A4010CD758C}.Debug|Any CPU.ActiveCfg = Debug|Any CPU
		{26D1FB94-DEA3-4E19-B14D-4A4010CD758C}.Debug|Any CPU.Build.0 = Debug|Any CPU
		{26D1FB94-DEA3-4E19-B14D-4A4010CD758C}.Release|Any CPU.ActiveCfg = Release|Any CPU
		{26D1FB94-DEA3-4E19-B14D-4A4010CD758C}.Release|Any CPU.Build.0 = Release|Any CPU
		{23F663A8-45F3-490E-8354-DD8A497A0C3C}.Debug|Any CPU.ActiveCfg = Debug|Any CPU
		{23F663A8-45F3-490E-8354-DD8A497A0C3C}.Debug|Any CPU.Build.0 = Debug|Any CPU
		{23F663A8-45F3-490E-8354-DD8A497A0C3C}.Release|Any CPU.ActiveCfg = Release|Any CPU
		{23F663A8-45F3-490E-8354-DD8A497A0C3C}.Release|Any CPU.Build.0 = Release|Any CPU
	EndGlobalSection
	GlobalSection(SolutionProperties) = preSolution
		HideSolutionNode = FALSE
	EndGlobalSection
	GlobalSection(ExtensibilityGlobals) = postSolution
		SolutionGuid = {49F84E21-99DD-49C9-88BB-9BE9E1297000}
	EndGlobalSection
EndGlobal
