
Microsoft Visual Studio Solution File, Format Version 12.00
# Visual Studio 15
VisualStudioVersion = 15.0.28010.0
MinimumVisualStudioVersion = 10.0.40219.1
Project("{9A19103F-16F7-4668-BE54-9A1E7A4F7556}") = "MSTestX.Adapter", "MSTestX.Adapter\MSTestX.Adapter.csproj", "{749718E2-54E8-4D45-A5FB-DD0537DBCDFC}"
EndProject
Project("{FAE04EC0-301F-11D3-BF4B-00C04F79EFBC}") = "TestAppRunner.Android", "TestAppRunner\TestAppRunner.Android\TestAppRunner.Android.csproj", "{485668D4-6416-4315-9DBA-44DB3D4CF3BF}"
EndProject
Project("{FAE04EC0-301F-11D3-BF4B-00C04F79EFBC}") = "TestAppRunner.iOS", "TestAppRunner\TestAppRunner.iOS\TestAppRunner.iOS.csproj", "{D1CA65FD-596A-4025-878C-02B0ADA1AFA6}"
EndProject
Project("{9A19103F-16F7-4668-BE54-9A1E7A4F7556}") = "TestAppRunner", "TestAppRunner\TestAppRunner\TestAppRunner.csproj", "{30B38FAB-20AE-49C7-8329-A4C939B9A97D}"
	ProjectSection(ProjectDependencies) = postProject
		{3C83F3B8-50B0-436F-9243-CFAB7D42FAEC} = {3C83F3B8-50B0-436F-9243-CFAB7D42FAEC}
	EndProjectSection
EndProject
Project("{9A19103F-16F7-4668-BE54-9A1E7A4F7556}") = "UnitTests", "UnitTests\UnitTests.csproj", "{2F17D349-1906-4409-8799-4E4D25909380}"
EndProject
Project("{2150E333-8FDC-42A3-9474-1A3956D46DE8}") = "RunnerApp", "RunnerApp", "{06A0CAF9-262F-4A7A-84F4-A3DDEF982813}"
EndProject
Project("{2150E333-8FDC-42A3-9474-1A3956D46DE8}") = "Automation", "Automation", "{558BBD3A-1713-4E3B-BBE7-DD3DC9A08B0F}"
EndProject
Project("{9A19103F-16F7-4668-BE54-9A1E7A4F7556}") = "MSTestX.Console", "..\Automation\MSTestX.Console\MSTestX.Console.csproj", "{3C83F3B8-50B0-436F-9243-CFAB7D42FAEC}"
EndProject
Global
	GlobalSection(SolutionConfigurationPlatforms) = preSolution
		Ad-Hoc|Any CPU = Ad-Hoc|Any CPU
		Ad-Hoc|iPhone = Ad-Hoc|iPhone
		Ad-Hoc|iPhoneSimulator = Ad-Hoc|iPhoneSimulator
		AppStore|Any CPU = AppStore|Any CPU
		AppStore|iPhone = AppStore|iPhone
		AppStore|iPhoneSimulator = AppStore|iPhoneSimulator
		Debug|Any CPU = Debug|Any CPU
		Debug|iPhone = Debug|iPhone
		Debug|iPhoneSimulator = Debug|iPhoneSimulator
		Release|Any CPU = Release|Any CPU
		Release|iPhone = Release|iPhone
		Release|iPhoneSimulator = Release|iPhoneSimulator
	EndGlobalSection
	GlobalSection(ProjectConfigurationPlatforms) = postSolution
		{749718E2-54E8-4D45-A5FB-DD0537DBCDFC}.Ad-Hoc|Any CPU.ActiveCfg = Release|Any CPU
		{749718E2-54E8-4D45-A5FB-DD0537DBCDFC}.Ad-Hoc|Any CPU.Build.0 = Release|Any CPU
		{749718E2-54E8-4D45-A5FB-DD0537DBCDFC}.Ad-Hoc|iPhone.ActiveCfg = Release|Any CPU
		{749718E2-54E8-4D45-A5FB-DD0537DBCDFC}.Ad-Hoc|iPhone.Build.0 = Release|Any CPU
		{749718E2-54E8-4D45-A5FB-DD0537DBCDFC}.Ad-Hoc|iPhoneSimulator.ActiveCfg = Release|Any CPU
		{749718E2-54E8-4D45-A5FB-DD0537DBCDFC}.Ad-Hoc|iPhoneSimulator.Build.0 = Release|Any CPU
		{749718E2-54E8-4D45-A5FB-DD0537DBCDFC}.AppStore|Any CPU.ActiveCfg = Release|Any CPU
		{749718E2-54E8-4D45-A5FB-DD0537DBCDFC}.AppStore|Any CPU.Build.0 = Release|Any CPU
		{749718E2-54E8-4D45-A5FB-DD0537DBCDFC}.AppStore|iPhone.ActiveCfg = Release|Any CPU
		{749718E2-54E8-4D45-A5FB-DD0537DBCDFC}.AppStore|iPhone.Build.0 = Release|Any CPU
		{749718E2-54E8-4D45-A5FB-DD0537DBCDFC}.AppStore|iPhoneSimulator.ActiveCfg = Release|Any CPU
		{749718E2-54E8-4D45-A5FB-DD0537DBCDFC}.AppStore|iPhoneSimulator.Build.0 = Release|Any CPU
		{749718E2-54E8-4D45-A5FB-DD0537DBCDFC}.Debug|Any CPU.ActiveCfg = Debug|Any CPU
		{749718E2-54E8-4D45-A5FB-DD0537DBCDFC}.Debug|Any CPU.Build.0 = Debug|Any CPU
		{749718E2-54E8-4D45-A5FB-DD0537DBCDFC}.Debug|iPhone.ActiveCfg = Debug|Any CPU
		{749718E2-54E8-4D45-A5FB-DD0537DBCDFC}.Debug|iPhone.Build.0 = Debug|Any CPU
		{749718E2-54E8-4D45-A5FB-DD0537DBCDFC}.Debug|iPhoneSimulator.ActiveCfg = Debug|Any CPU
		{749718E2-54E8-4D45-A5FB-DD0537DBCDFC}.Debug|iPhoneSimulator.Build.0 = Debug|Any CPU
		{749718E2-54E8-4D45-A5FB-DD0537DBCDFC}.Release|Any CPU.ActiveCfg = Release|Any CPU
		{749718E2-54E8-4D45-A5FB-DD0537DBCDFC}.Release|Any CPU.Build.0 = Release|Any CPU
		{749718E2-54E8-4D45-A5FB-DD0537DBCDFC}.Release|iPhone.ActiveCfg = Release|Any CPU
		{749718E2-54E8-4D45-A5FB-DD0537DBCDFC}.Release|iPhone.Build.0 = Release|Any CPU
		{749718E2-54E8-4D45-A5FB-DD0537DBCDFC}.Release|iPhoneSimulator.ActiveCfg = Release|Any CPU
		{749718E2-54E8-4D45-A5FB-DD0537DBCDFC}.Release|iPhoneSimulator.Build.0 = Release|Any CPU
		{485668D4-6416-4315-9DBA-44DB3D4CF3BF}.Ad-Hoc|Any CPU.ActiveCfg = Release|Any CPU
		{485668D4-6416-4315-9DBA-44DB3D4CF3BF}.Ad-Hoc|Any CPU.Build.0 = Release|Any CPU
		{485668D4-6416-4315-9DBA-44DB3D4CF3BF}.Ad-Hoc|Any CPU.Deploy.0 = Release|Any CPU
		{485668D4-6416-4315-9DBA-44DB3D4CF3BF}.Ad-Hoc|iPhone.ActiveCfg = Release|Any CPU
		{485668D4-6416-4315-9DBA-44DB3D4CF3BF}.Ad-Hoc|iPhone.Build.0 = Release|Any CPU
		{485668D4-6416-4315-9DBA-44DB3D4CF3BF}.Ad-Hoc|iPhone.Deploy.0 = Release|Any CPU
		{485668D4-6416-4315-9DBA-44DB3D4CF3BF}.Ad-Hoc|iPhoneSimulator.ActiveCfg = Release|Any CPU
		{485668D4-6416-4315-9DBA-44DB3D4CF3BF}.Ad-Hoc|iPhoneSimulator.Build.0 = Release|Any CPU
		{485668D4-6416-4315-9DBA-44DB3D4CF3BF}.Ad-Hoc|iPhoneSimulator.Deploy.0 = Release|Any CPU
		{485668D4-6416-4315-9DBA-44DB3D4CF3BF}.AppStore|Any CPU.ActiveCfg = Release|Any CPU
		{485668D4-6416-4315-9DBA-44DB3D4CF3BF}.AppStore|Any CPU.Build.0 = Release|Any CPU
		{485668D4-6416-4315-9DBA-44DB3D4CF3BF}.AppStore|Any CPU.Deploy.0 = Release|Any CPU
		{485668D4-6416-4315-9DBA-44DB3D4CF3BF}.AppStore|iPhone.ActiveCfg = Release|Any CPU
		{485668D4-6416-4315-9DBA-44DB3D4CF3BF}.AppStore|iPhone.Build.0 = Release|Any CPU
		{485668D4-6416-4315-9DBA-44DB3D4CF3BF}.AppStore|iPhone.Deploy.0 = Release|Any CPU
		{485668D4-6416-4315-9DBA-44DB3D4CF3BF}.AppStore|iPhoneSimulator.ActiveCfg = Release|Any CPU
		{485668D4-6416-4315-9DBA-44DB3D4CF3BF}.AppStore|iPhoneSimulator.Build.0 = Release|Any CPU
		{485668D4-6416-4315-9DBA-44DB3D4CF3BF}.AppStore|iPhoneSimulator.Deploy.0 = Release|Any CPU
		{485668D4-6416-4315-9DBA-44DB3D4CF3BF}.Debug|Any CPU.ActiveCfg = Debug|Any CPU
		{485668D4-6416-4315-9DBA-44DB3D4CF3BF}.Debug|Any CPU.Build.0 = Debug|Any CPU
		{485668D4-6416-4315-9DBA-44DB3D4CF3BF}.Debug|Any CPU.Deploy.0 = Debug|Any CPU
		{485668D4-6416-4315-9DBA-44DB3D4CF3BF}.Debug|iPhone.ActiveCfg = Debug|Any CPU
		{485668D4-6416-4315-9DBA-44DB3D4CF3BF}.Debug|iPhone.Build.0 = Debug|Any CPU
		{485668D4-6416-4315-9DBA-44DB3D4CF3BF}.Debug|iPhone.Deploy.0 = Debug|Any CPU
		{485668D4-6416-4315-9DBA-44DB3D4CF3BF}.Debug|iPhoneSimulator.ActiveCfg = Debug|Any CPU
		{485668D4-6416-4315-9DBA-44DB3D4CF3BF}.Debug|iPhoneSimulator.Build.0 = Debug|Any CPU
		{485668D4-6416-4315-9DBA-44DB3D4CF3BF}.Debug|iPhoneSimulator.Deploy.0 = Debug|Any CPU
		{485668D4-6416-4315-9DBA-44DB3D4CF3BF}.Release|Any CPU.ActiveCfg = Debug|Any CPU
		{485668D4-6416-4315-9DBA-44DB3D4CF3BF}.Release|Any CPU.Build.0 = Debug|Any CPU
		{485668D4-6416-4315-9DBA-44DB3D4CF3BF}.Release|Any CPU.Deploy.0 = Debug|Any CPU
		{485668D4-6416-4315-9DBA-44DB3D4CF3BF}.Release|iPhone.ActiveCfg = Release|Any CPU
		{485668D4-6416-4315-9DBA-44DB3D4CF3BF}.Release|iPhone.Build.0 = Release|Any CPU
		{485668D4-6416-4315-9DBA-44DB3D4CF3BF}.Release|iPhone.Deploy.0 = Release|Any CPU
		{485668D4-6416-4315-9DBA-44DB3D4CF3BF}.Release|iPhoneSimulator.ActiveCfg = Release|Any CPU
		{485668D4-6416-4315-9DBA-44DB3D4CF3BF}.Release|iPhoneSimulator.Build.0 = Release|Any CPU
		{485668D4-6416-4315-9DBA-44DB3D4CF3BF}.Release|iPhoneSimulator.Deploy.0 = Release|Any CPU
		{D1CA65FD-596A-4025-878C-02B0ADA1AFA6}.Ad-Hoc|Any CPU.ActiveCfg = Ad-Hoc|iPhone
		{D1CA65FD-596A-4025-878C-02B0ADA1AFA6}.Ad-Hoc|iPhone.ActiveCfg = Ad-Hoc|iPhone
		{D1CA65FD-596A-4025-878C-02B0ADA1AFA6}.Ad-Hoc|iPhone.Build.0 = Ad-Hoc|iPhone
		{D1CA65FD-596A-4025-878C-02B0ADA1AFA6}.Ad-Hoc|iPhoneSimulator.ActiveCfg = Ad-Hoc|iPhoneSimulator
		{D1CA65FD-596A-4025-878C-02B0ADA1AFA6}.Ad-Hoc|iPhoneSimulator.Build.0 = Ad-Hoc|iPhoneSimulator
		{D1CA65FD-596A-4025-878C-02B0ADA1AFA6}.AppStore|Any CPU.ActiveCfg = AppStore|iPhone
		{D1CA65FD-596A-4025-878C-02B0ADA1AFA6}.AppStore|iPhone.ActiveCfg = AppStore|iPhone
		{D1CA65FD-596A-4025-878C-02B0ADA1AFA6}.AppStore|iPhone.Build.0 = AppStore|iPhone
		{D1CA65FD-596A-4025-878C-02B0ADA1AFA6}.AppStore|iPhoneSimulator.ActiveCfg = AppStore|iPhoneSimulator
		{D1CA65FD-596A-4025-878C-02B0ADA1AFA6}.AppStore|iPhoneSimulator.Build.0 = AppStore|iPhoneSimulator
		{D1CA65FD-596A-4025-878C-02B0ADA1AFA6}.Debug|Any CPU.ActiveCfg = Debug|iPhone
		{D1CA65FD-596A-4025-878C-02B0ADA1AFA6}.Debug|iPhone.ActiveCfg = Debug|iPhone
		{D1CA65FD-596A-4025-878C-02B0ADA1AFA6}.Debug|iPhone.Build.0 = Debug|iPhone
		{D1CA65FD-596A-4025-878C-02B0ADA1AFA6}.Debug|iPhoneSimulator.ActiveCfg = Debug|iPhoneSimulator
		{D1CA65FD-596A-4025-878C-02B0ADA1AFA6}.Debug|iPhoneSimulator.Build.0 = Debug|iPhoneSimulator
		{D1CA65FD-596A-4025-878C-02B0ADA1AFA6}.Release|Any CPU.ActiveCfg = Release|iPhone
		{D1CA65FD-596A-4025-878C-02B0ADA1AFA6}.Release|iPhone.ActiveCfg = Release|iPhone
		{D1CA65FD-596A-4025-878C-02B0ADA1AFA6}.Release|iPhone.Build.0 = Release|iPhone
		{D1CA65FD-596A-4025-878C-02B0ADA1AFA6}.Release|iPhoneSimulator.ActiveCfg = Release|iPhoneSimulator
		{D1CA65FD-596A-4025-878C-02B0ADA1AFA6}.Release|iPhoneSimulator.Build.0 = Release|iPhoneSimulator
		{30B38FAB-20AE-49C7-8329-A4C939B9A97D}.Ad-Hoc|Any CPU.ActiveCfg = Debug|Any CPU
		{30B38FAB-20AE-49C7-8329-A4C939B9A97D}.Ad-Hoc|Any CPU.Build.0 = Debug|Any CPU
		{30B38FAB-20AE-49C7-8329-A4C939B9A97D}.Ad-Hoc|iPhone.ActiveCfg = Debug|Any CPU
		{30B38FAB-20AE-49C7-8329-A4C939B9A97D}.Ad-Hoc|iPhone.Build.0 = Debug|Any CPU
		{30B38FAB-20AE-49C7-8329-A4C939B9A97D}.Ad-Hoc|iPhoneSimulator.ActiveCfg = Debug|Any CPU
		{30B38FAB-20AE-49C7-8329-A4C939B9A97D}.Ad-Hoc|iPhoneSimulator.Build.0 = Debug|Any CPU
		{30B38FAB-20AE-49C7-8329-A4C939B9A97D}.AppStore|Any CPU.ActiveCfg = Debug|Any CPU
		{30B38FAB-20AE-49C7-8329-A4C939B9A97D}.AppStore|Any CPU.Build.0 = Debug|Any CPU
		{30B38FAB-20AE-49C7-8329-A4C939B9A97D}.AppStore|iPhone.ActiveCfg = Debug|Any CPU
		{30B38FAB-20AE-49C7-8329-A4C939B9A97D}.AppStore|iPhone.Build.0 = Debug|Any CPU
		{30B38FAB-20AE-49C7-8329-A4C939B9A97D}.AppStore|iPhoneSimulator.ActiveCfg = Debug|Any CPU
		{30B38FAB-20AE-49C7-8329-A4C939B9A97D}.AppStore|iPhoneSimulator.Build.0 = Debug|Any CPU
		{30B38FAB-20AE-49C7-8329-A4C939B9A97D}.Debug|Any CPU.ActiveCfg = Debug|Any CPU
		{30B38FAB-20AE-49C7-8329-A4C939B9A97D}.Debug|Any CPU.Build.0 = Debug|Any CPU
		{30B38FAB-20AE-49C7-8329-A4C939B9A97D}.Debug|iPhone.ActiveCfg = Debug|Any CPU
		{30B38FAB-20AE-49C7-8329-A4C939B9A97D}.Debug|iPhone.Build.0 = Debug|Any CPU
		{30B38FAB-20AE-49C7-8329-A4C939B9A97D}.Debug|iPhoneSimulator.ActiveCfg = Debug|Any CPU
		{30B38FAB-20AE-49C7-8329-A4C939B9A97D}.Debug|iPhoneSimulator.Build.0 = Debug|Any CPU
		{30B38FAB-20AE-49C7-8329-A4C939B9A97D}.Release|Any CPU.ActiveCfg = Release|Any CPU
		{30B38FAB-20AE-49C7-8329-A4C939B9A97D}.Release|Any CPU.Build.0 = Release|Any CPU
		{30B38FAB-20AE-49C7-8329-A4C939B9A97D}.Release|iPhone.ActiveCfg = Release|Any CPU
		{30B38FAB-20AE-49C7-8329-A4C939B9A97D}.Release|iPhone.Build.0 = Release|Any CPU
		{30B38FAB-20AE-49C7-8329-A4C939B9A97D}.Release|iPhoneSimulator.ActiveCfg = Release|Any CPU
		{30B38FAB-20AE-49C7-8329-A4C939B9A97D}.Release|iPhoneSimulator.Build.0 = Release|Any CPU
		{2F17D349-1906-4409-8799-4E4D25909380}.Ad-Hoc|Any CPU.ActiveCfg = Debug|Any CPU
		{2F17D349-1906-4409-8799-4E4D25909380}.Ad-Hoc|Any CPU.Build.0 = Debug|Any CPU
		{2F17D349-1906-4409-8799-4E4D25909380}.Ad-Hoc|iPhone.ActiveCfg = Debug|Any CPU
		{2F17D349-1906-4409-8799-4E4D25909380}.Ad-Hoc|iPhone.Build.0 = Debug|Any CPU
		{2F17D349-1906-4409-8799-4E4D25909380}.Ad-Hoc|iPhoneSimulator.ActiveCfg = Debug|Any CPU
		{2F17D349-1906-4409-8799-4E4D25909380}.Ad-Hoc|iPhoneSimulator.Build.0 = Debug|Any CPU
		{2F17D349-1906-4409-8799-4E4D25909380}.AppStore|Any CPU.ActiveCfg = Debug|Any CPU
		{2F17D349-1906-4409-8799-4E4D25909380}.AppStore|Any CPU.Build.0 = Debug|Any CPU
		{2F17D349-1906-4409-8799-4E4D25909380}.AppStore|iPhone.ActiveCfg = Debug|Any CPU
		{2F17D349-1906-4409-8799-4E4D25909380}.AppStore|iPhone.Build.0 = Debug|Any CPU
		{2F17D349-1906-4409-8799-4E4D25909380}.AppStore|iPhoneSimulator.ActiveCfg = Debug|Any CPU
		{2F17D349-1906-4409-8799-4E4D25909380}.AppStore|iPhoneSimulator.Build.0 = Debug|Any CPU
		{2F17D349-1906-4409-8799-4E4D25909380}.Debug|Any CPU.ActiveCfg = Debug|Any CPU
		{2F17D349-1906-4409-8799-4E4D25909380}.Debug|Any CPU.Build.0 = Debug|Any CPU
		{2F17D349-1906-4409-8799-4E4D25909380}.Debug|iPhone.ActiveCfg = Debug|Any CPU
		{2F17D349-1906-4409-8799-4E4D25909380}.Debug|iPhone.Build.0 = Debug|Any CPU
		{2F17D349-1906-4409-8799-4E4D25909380}.Debug|iPhoneSimulator.ActiveCfg = Debug|Any CPU
		{2F17D349-1906-4409-8799-4E4D25909380}.Debug|iPhoneSimulator.Build.0 = Debug|Any CPU
		{2F17D349-1906-4409-8799-4E4D25909380}.Release|Any CPU.ActiveCfg = Release|Any CPU
		{2F17D349-1906-4409-8799-4E4D25909380}.Release|Any CPU.Build.0 = Release|Any CPU
		{2F17D349-1906-4409-8799-4E4D25909380}.Release|iPhone.ActiveCfg = Release|Any CPU
		{2F17D349-1906-4409-8799-4E4D25909380}.Release|iPhone.Build.0 = Release|Any CPU
		{2F17D349-1906-4409-8799-4E4D25909380}.Release|iPhoneSimulator.ActiveCfg = Release|Any CPU
		{2F17D349-1906-4409-8799-4E4D25909380}.Release|iPhoneSimulator.Build.0 = Release|Any CPU
		{3C83F3B8-50B0-436F-9243-CFAB7D42FAEC}.Ad-Hoc|Any CPU.ActiveCfg = Release|Any CPU
		{3C83F3B8-50B0-436F-9243-CFAB7D42FAEC}.Ad-Hoc|Any CPU.Build.0 = Release|Any CPU
		{3C83F3B8-50B0-436F-9243-CFAB7D42FAEC}.Ad-Hoc|iPhone.ActiveCfg = Release|Any CPU
		{3C83F3B8-50B0-436F-9243-CFAB7D42FAEC}.Ad-Hoc|iPhone.Build.0 = Release|Any CPU
		{3C83F3B8-50B0-436F-9243-CFAB7D42FAEC}.Ad-Hoc|iPhoneSimulator.ActiveCfg = Release|Any CPU
		{3C83F3B8-50B0-436F-9243-CFAB7D42FAEC}.Ad-Hoc|iPhoneSimulator.Build.0 = Release|Any CPU
		{3C83F3B8-50B0-436F-9243-CFAB7D42FAEC}.AppStore|Any CPU.ActiveCfg = Release|Any CPU
		{3C83F3B8-50B0-436F-9243-CFAB7D42FAEC}.AppStore|Any CPU.Build.0 = Release|Any CPU
		{3C83F3B8-50B0-436F-9243-CFAB7D42FAEC}.AppStore|iPhone.ActiveCfg = Release|Any CPU
		{3C83F3B8-50B0-436F-9243-CFAB7D42FAEC}.AppStore|iPhone.Build.0 = Release|Any CPU
		{3C83F3B8-50B0-436F-9243-CFAB7D42FAEC}.AppStore|iPhoneSimulator.ActiveCfg = Release|Any CPU
		{3C83F3B8-50B0-436F-9243-CFAB7D42FAEC}.AppStore|iPhoneSimulator.Build.0 = Release|Any CPU
		{3C83F3B8-50B0-436F-9243-CFAB7D42FAEC}.Debug|Any CPU.ActiveCfg = Debug|Any CPU
		{3C83F3B8-50B0-436F-9243-CFAB7D42FAEC}.Debug|Any CPU.Build.0 = Debug|Any CPU
		{3C83F3B8-50B0-436F-9243-CFAB7D42FAEC}.Debug|iPhone.ActiveCfg = Debug|Any CPU
		{3C83F3B8-50B0-436F-9243-CFAB7D42FAEC}.Debug|iPhone.Build.0 = Debug|Any CPU
		{3C83F3B8-50B0-436F-9243-CFAB7D42FAEC}.Debug|iPhoneSimulator.ActiveCfg = Debug|Any CPU
		{3C83F3B8-50B0-436F-9243-CFAB7D42FAEC}.Debug|iPhoneSimulator.Build.0 = Debug|Any CPU
		{3C83F3B8-50B0-436F-9243-CFAB7D42FAEC}.Release|Any CPU.ActiveCfg = Release|Any CPU
		{3C83F3B8-50B0-436F-9243-CFAB7D42FAEC}.Release|Any CPU.Build.0 = Release|Any CPU
		{3C83F3B8-50B0-436F-9243-CFAB7D42FAEC}.Release|iPhone.ActiveCfg = Release|Any CPU
		{3C83F3B8-50B0-436F-9243-CFAB7D42FAEC}.Release|iPhone.Build.0 = Release|Any CPU
		{3C83F3B8-50B0-436F-9243-CFAB7D42FAEC}.Release|iPhoneSimulator.ActiveCfg = Release|Any CPU
		{3C83F3B8-50B0-436F-9243-CFAB7D42FAEC}.Release|iPhoneSimulator.Build.0 = Release|Any CPU
	EndGlobalSection
	GlobalSection(SolutionProperties) = preSolution
		HideSolutionNode = FALSE
	EndGlobalSection
	GlobalSection(NestedProjects) = preSolution
		{485668D4-6416-4315-9DBA-44DB3D4CF3BF} = {06A0CAF9-262F-4A7A-84F4-A3DDEF982813}
		{D1CA65FD-596A-4025-878C-02B0ADA1AFA6} = {06A0CAF9-262F-4A7A-84F4-A3DDEF982813}
		{30B38FAB-20AE-49C7-8329-A4C939B9A97D} = {06A0CAF9-262F-4A7A-84F4-A3DDEF982813}
		{3C83F3B8-50B0-436F-9243-CFAB7D42FAEC} = {558BBD3A-1713-4E3B-BBE7-DD3DC9A08B0F}
	EndGlobalSection
	GlobalSection(ExtensibilityGlobals) = postSolution
		SolutionGuid = {407982A2-5ACE-42A8-A8CE-D8C6641130BF}
	EndGlobalSection
EndGlobal
